// !$*UTF8*$!
{
	archiveVersion = 1;
	classes = {
	};
	objectVersion = 46;
	objects = {

/* Begin PBXBuildFile section */
		A351696B1C4D738100B29D1E /* main.m in Sources */ = {isa = PBXBuildFile; fileRef = A351696A1C4D738100B29D1E /* main.m */; };
		A351696E1C4D738100B29D1E /* AppDelegate.m in Sources */ = {isa = PBXBuildFile; fileRef = A351696D1C4D738100B29D1E /* AppDelegate.m */; };
		A35169711C4D738100B29D1E /* ViewController.m in Sources */ = {isa = PBXBuildFile; fileRef = A35169701C4D738100B29D1E /* ViewController.m */; };
		A35169741C4D738100B29D1E /* Main.storyboard in Resources */ = {isa = PBXBuildFile; fileRef = A35169721C4D738100B29D1E /* Main.storyboard */; };
		A35169761C4D738100B29D1E /* Assets.xcassets in Resources */ = {isa = PBXBuildFile; fileRef = A35169751C4D738100B29D1E /* Assets.xcassets */; };
		A35169791C4D738100B29D1E /* LaunchScreen.storyboard in Resources */ = {isa = PBXBuildFile; fileRef = A35169771C4D738100B29D1E /* LaunchScreen.storyboard */; };
/* End PBXBuildFile section */

/* Begin PBXFileReference section */
		A35169661C4D738100B29D1E /* Deprocrastinator.app */ = {isa = PBXFileReference; explicitFileType = wrapper.application; includeInIndex = 0; path = Deprocrastinator.app; sourceTree = BUILT_PRODUCTS_DIR; };
		A351696A1C4D738100B29D1E /* main.m */ = {isa = PBXFileReference; lastKnownFileType = sourcecode.c.objc; path = main.m; sourceTree = "<group>"; };
		A351696C1C4D738100B29D1E /* AppDelegate.h */ = {isa = PBXFileReference; lastKnownFileType = sourcecode.c.h; path = AppDelegate.h; sourceTree = "<group>"; };
		A351696D1C4D738100B29D1E /* AppDelegate.m */ = {isa = PBXFileReference; lastKnownFileType = sourcecode.c.objc; path = AppDelegate.m; sourceTree = "<group>"; };
		A351696F1C4D738100B29D1E /* ViewController.h */ = {isa = PBXFileReference; lastKnownFileType = sourcecode.c.h; path = ViewController.h; sourceTree = "<group>"; };
		A35169701C4D738100B29D1E /* ViewController.m */ = {isa = PBXFileReference; lastKnownFileType = sourcecode.c.objc; path = ViewController.m; sourceTree = "<group>"; };
		A35169731C4D738100B29D1E /* Base */ = {isa = PBXFileReference; lastKnownFileType = file.storyboard; name = Base; path = Base.lproj/Main.storyboard; sourceTree = "<group>"; };
		A35169751C4D738100B29D1E /* Assets.xcassets */ = {isa = PBXFileReference; lastKnownFileType = folder.assetcatalog; path = Assets.xcassets; sourceTree = "<group>"; };
		A35169781C4D738100B29D1E /* Base */ = {isa = PBXFileReference; lastKnownFileType = file.storyboard; name = Base; path = Base.lproj/LaunchScreen.storyboard; sourceTree = "<group>"; };
		A351697A1C4D738100B29D1E /* Info.plist */ = {isa = PBXFileReference; lastKnownFileType = text.plist.xml; path = Info.plist; sourceTree = "<group>"; };
/* End PBXFileReference section */

/* Begin PBXFrameworksBuildPhase section */
		A35169631C4D738000B29D1E /* Frameworks */ = {
			isa = PBXFrameworksBuildPhase;
			buildActionMask = 2147483647;
			files = (
			);
			runOnlyForDeploymentPostprocessing = 0;
		};
/* End PBXFrameworksBuildPhase section */

/* Begin PBXGroup section */
		A351695D1C4D738000B29D1E = {
			isa = PBXGroup;
			children = (
				A35169681C4D738100B29D1E /* Deprocrastinator */,
				A35169671C4D738100B29D1E /* Products */,
			);
			sourceTree = "<group>";
		};
		A35169671C4D738100B29D1E /* Products */ = {
			isa = PBXGroup;
			children = (
				A35169661C4D738100B29D1E /* Deprocrastinator.app */,
			);
			name = Products;
			sourceTree = "<group>";
		};
		A35169681C4D738100B29D1E /* Deprocrastinator */ = {
			isa = PBXGroup;
			children = (
				A351696C1C4D738100B29D1E /* AppDelegate.h */,
				A351696D1C4D738100B29D1E /* AppDelegate.m */,
				A351696F1C4D738100B29D1E /* ViewController.h */,
				A35169701C4D738100B29D1E /* ViewController.m */,
				A35169721C4D738100B29D1E /* Main.storyboard */,
				A35169751C4D738100B29D1E /* Assets.xcassets */,
				A35169771C4D738100B29D1E /* LaunchScreen.storyboard */,
				A351697A1C4D738100B29D1E /* Info.plist */,
				A35169691C4D738100B29D1E /* Supporting Files */,
			);
			path = Deprocrastinator;
			sourceTree = "<group>";
		};
		A35169691C4D738100B29D1E /* Supporting Files */ = {
			isa = PBXGroup;
			children = (
				A351696A1C4D738100B29D1E /* main.m */,
			);
			name = "Supporting Files";
			sourceTree = "<group>";
		};
/* End PBXGroup section */

/* Begin PBXNativeTarget section */
		A35169651C4D738000B29D1E /* Deprocrastinator */ = {
			isa = PBXNativeTarget;
			buildConfigurationList = A351697D1C4D738100B29D1E /* Build configuration list for PBXNativeTarget "Deprocrastinator" */;
			buildPhases = (
				A35169621C4D738000B29D1E /* Sources */,
				A35169631C4D738000B29D1E /* Frameworks */,
				A35169641C4D738000B29D1E /* Resources */,
			);
			buildRules = (
			);
			dependencies = (
			);
			name = Deprocrastinator;
			productName = Deprocrastinator;
			productReference = A35169661C4D738100B29D1E /* Deprocrastinator.app */;
			productType = "com.apple.product-type.application";
		};
/* End PBXNativeTarget section */

/* Begin PBXProject section */
		A351695E1C4D738000B29D1E /* Project object */ = {
			isa = PBXProject;
			attributes = {
				LastUpgradeCheck = 0720;
				ORGANIZATIONNAME = "Richard Martin";
				TargetAttributes = {
					A35169651C4D738000B29D1E = {
						CreatedOnToolsVersion = 7.2;
					};
				};
			};
			buildConfigurationList = A35169611C4D738000B29D1E /* Build configuration list for PBXProject "Deprocrastinator" */;
			compatibilityVersion = "Xcode 3.2";
			developmentRegion = English;
			hasScannedForEncodings = 0;
			knownRegions = (
				en,
				Base,
			);
			mainGroup = A351695D1C4D738000B29D1E;
			productRefGroup = A35169671C4D738100B29D1E /* Products */;
			projectDirPath = "";
			projectRoot = "";
			targets = (
				A35169651C4D738000B29D1E /* Deprocrastinator */,
			);
		};
/* End PBXProject section */

/* Begin PBXResourcesBuildPhase section */
		A35169641C4D738000B29D1E /* Resources */ = {
			isa = PBXResourcesBuildPhase;
			buildActionMask = 2147483647;
			files = (
				A35169791C4D738100B29D1E /* LaunchScreen.storyboard in Resources */,
				A35169761C4D738100B29D1E /* Assets.xcassets in Resources */,
				A35169741C4D738100B29D1E /* Main.storyboard in Resources */,
			);
			runOnlyForDeploymentPostprocessing = 0;
		};
/* End PBXResourcesBuildPhase section */

/* Begin PBXSourcesBuildPhase section */
		A35169621C4D738000B29D1E /* Sources */ = {
			isa = PBXSourcesBuildPhase;
			buildActionMask = 2147483647;
			files = (
				A35169711C4D738100B29D1E /* ViewController.m in Sources */,
				A351696E1C4D738100B29D1E /* AppDelegate.m in Sources */,
				A351696B1C4D738100B29D1E /* main.m in Sources */,
			);
			runOnlyForDeploymentPostprocessing = 0;
		};
/* End PBXSourcesBuildPhase section */

/* Begin PBXVariantGroup section */
		A35169721C4D738100B29D1E /* Main.storyboard */ = {
			isa = PBXVariantGroup;
			children = (
				A35169731C4D738100B29D1E /* Base */,
			);
			name = Main.storyboard;
			sourceTree = "<group>";
		};
		A35169771C4D738100B29D1E /* LaunchScreen.storyboard */ = {
			isa = PBXVariantGroup;
			children = (
				A35169781C4D738100B29D1E /* Base */,
			);
			name = LaunchScreen.storyboard;
			sourceTree = "<group>";
		};
/* End PBXVariantGroup section */

/* Begin XCBuildConfiguration section */
		A351697B1C4D738100B29D1E /* Debug */ = {
			isa = XCBuildConfiguration;
			buildSettings = {
				ALWAYS_SEARCH_USER_PATHS = NO;
				CLANG_CXX_LANGUAGE_STANDARD = "gnu++0x";
				CLANG_CXX_LIBRARY = "libc++";
				CLANG_ENABLE_MODULES = YES;
				CLANG_ENABLE_OBJC_ARC = YES;
				CLANG_WARN_BOOL_CONVERSION = YES;
				CLANG_WARN_CONSTANT_CONVERSION = YES;
				CLANG_WARN_DIRECT_OBJC_ISA_USAGE = YES_ERROR;
				CLANG_WARN_EMPTY_BODY = YES;
				CLANG_WARN_ENUM_CONVERSION = YES;
				CLANG_WARN_INT_CONVERSION = YES;
				CLANG_WARN_OBJC_ROOT_CLASS = YES_ERROR;
				CLANG_WARN_UNREACHABLE_CODE = YES;
				CLANG_WARN__DUPLICATE_METHOD_MATCH = YES;
				"CODE_SIGN_IDENTITY[sdk=iphoneos*]" = "iPhone Developer";
				COPY_PHASE_STRIP = NO;
				DEBUG_INFORMATION_FORMAT = dwarf;
				ENABLE_STRICT_OBJC_MSGSEND = YES;
				ENABLE_TESTABILITY = YES;
				GCC_C_LANGUAGE_STANDARD = gnu99;
				GCC_DYNAMIC_NO_PIC = NO;
				GCC_NO_COMMON_BLOCKS = YES;
				GCC_OPTIMIZATION_LEVEL = 0;
				GCC_PREPROCESSOR_DEFINITIONS = (
					"DEBUG=1",
					"$(inherited)",
				);
				GCC_WARN_64_TO_32_BIT_CONVERSION = YES;
				GCC_WARN_ABOUT_RETURN_TYPE = YES_ERROR;
				GCC_WARN_UNDECLARED_SELECTOR = YES;
				GCC_WARN_UNINITIALIZED_AUTOS = YES_AGGRESSIVE;
				GCC_WARN_UNUSED_FUNCTION = YES;
				GCC_WARN_UNUSED_VARIABLE = YES;
				IPHONEOS_DEPLOYMENT_TARGET = 9.2;
				MTL_ENABLE_DEBUG_INFO = YES;
				ONLY_ACTIVE_ARCH = YES;
				SDKROOT = iphoneos;
			};
			name = Debug;
		};
		A351697C1C4D738100B29D1E /* Release */ = {
			isa = XCBuildConfiguration;
			buildSettings = {
				ALWAYS_SEARCH_USER_PATHS = NO;
				CLANG_CXX_LANGUAGE_STANDARD = "gnu++0x";
				CLANG_CXX_LIBRARY = "libc++";
				CLANG_ENABLE_MODULES = YES;
				CLANG_ENABLE_OBJC_ARC = YES;
				CLANG_WARN_BOOL_CONVERSION = YES;
				CLANG_WARN_CONSTANT_CONVERSION = YES;
				CLANG_WARN_DIRECT_OBJC_ISA_USAGE = YES_ERROR;
				CLANG_WARN_EMPTY_BODY = YES;
				CLANG_WARN_ENUM_CONVERSION = YES;
				CLANG_WARN_INT_CONVERSION = YES;
				CLANG_WARN_OBJC_ROOT_CLASS = YES_ERROR;
				CLANG_WARN_UNREACHABLE_CODE = YES;
				CLANG_WARN__DUPLICATE_METHOD_MATCH = YES;
				"CODE_SIGN_IDENTITY[sdk=iphoneos*]" = "iPhone Developer";
				COPY_PHASE_STRIP = NO;
				DEBUG_INFORMATION_FORMAT = "dwarf-with-dsym";
				ENABLE_NS_ASSERTIONS = NO;
				ENABLE_STRICT_OBJC_MSGSEND = YES;
				GCC_C_LANGUAGE_STANDARD = gnu99;
				GCC_NO_COMMON_BLOCKS = YES;
				GCC_WARN_64_TO_32_BIT_CONVERSION = YES;
				GCC_WARN_ABOUT_RETURN_TYPE = YES_ERROR;
				GCC_WARN_UNDECLARED_SELECTOR = YES;
				GCC_WARN_UNINITIALIZED_AUTOS = YES_AGGRESSIVE;
				GCC_WARN_UNUSED_FUNCTION = YES;
				GCC_WARN_UNUSED_VARIABLE = YES;
				IPHONEOS_DEPLOYMENT_TARGET = 9.2;
				MTL_ENABLE_DEBUG_INFO = NO;
				SDKROOT = iphoneos;
				VALIDATE_PRODUCT = YES;
			};
			name = Release;
		};
		A351697E1C4D738100B29D1E /* Debug */ = {
			isa = XCBuildConfiguration;
			buildSettings = {
				ASSETCATALOG_COMPILER_APPICON_NAME = AppIcon;
				INFOPLIST_FILE = Deprocrastinator/Info.plist;
				LD_RUNPATH_SEARCH_PATHS = "$(inherited) @executable_path/Frameworks";
				PRODUCT_BUNDLE_IDENTIFIER = me.richardgmartin.Deprocrastinator;
				PRODUCT_NAME = "$(TARGET_NAME)";
			};
			name = Debug;
		};
		A351697F1C4D738100B29D1E /* Release */ = {
			isa = XCBuildConfiguration;
			buildSettings = {
				ASSETCATALOG_COMPILER_APPICON_NAME = AppIcon;
				INFOPLIST_FILE = Deprocrastinator/Info.plist;
				LD_RUNPATH_SEARCH_PATHS = "$(inherited) @executable_path/Frameworks";
				PRODUCT_BUNDLE_IDENTIFIER = me.richardgmartin.Deprocrastinator;
				PRODUCT_NAME = "$(TARGET_NAME)";
			};
			name = Release;
		};
/* End XCBuildConfiguration section */

/* Begin XCConfigurationList section */
		A35169611C4D738000B29D1E /* Build configuration list for PBXProject "Deprocrastinator" */ = {
			isa = XCConfigurationList;
			buildConfigurations = (
				A351697B1C4D738100B29D1E /* Debug */,
				A351697C1C4D738100B29D1E /* Release */,
			);
			defaultConfigurationIsVisible = 0;
			defaultConfigurationName = Release;
		};
		A351697D1C4D738100B29D1E /* Build configuration list for PBXNativeTarget "Deprocrastinator" */ = {
			isa = XCConfigurationList;
			buildConfigurations = (
				A351697E1C4D738100B29D1E /* Debug */,
				A351697F1C4D738100B29D1E /* Release */,
			);
			defaultConfigurationIsVisible = 0;
		};
/* End XCConfigurationList section */
	};
	rootObject = A351695E1C4D738000B29D1E /* Project object */;
}
